{
  "requires": true,
  "lockfileVersion": 1,
  "dependencies": {
    "vue-loading-overlay": {
      "version": "6.0.3",
      "resolved": "https://registry.npmjs.org/vue-loading-overlay/-/vue-loading-overlay-6.0.3.tgz",
      "integrity": "sha512-Ab0hqnVKasVS2mNUo8Wkm95mSbk5fXp/karZmMou5yP0hTUOox/kZuBLNwgzJ4kFP829wFJl7O7FN1Dr0kRaVQ=="
    }
  }
}
